
Microsoft Visual Studio Solution File, Format Version 12.00
# Visual Studio Version 17
VisualStudioVersion = 17.3.32929.385
MinimumVisualStudioVersion = 10.0.40219.1
Project("{9A19103F-16F7-4668-BE54-9A1E7A4F7556}") = "RabbitMqClient.Send", "RabbitMqClient.Api\RabbitMqClient.Send.csproj", "{AE905BA2-E3C4-4CC3-9D5A-D967BE8DD63E}"
EndProject
Project("{FAE04EC0-301F-11D3-BF4B-00C04F79EFBC}") = "RabbitMqClient.Receive", "RabbitMq.Receive\RabbitMqClient.Receive.csproj", "{612FA6E5-E8A1-4A1A-83D3-ABAE2D96871F}"
EndProject
Global
	GlobalSection(SolutionConfigurationPlatforms) = preSolution
		Debug|Any CPU = Debug|Any CPU
		Release|Any CPU = Release|Any CPU
	EndGlobalSection
	GlobalSection(ProjectConfigurationPlatforms) = postSolution
		{AE905BA2-E3C4-4CC3-9D5A-D967BE8DD63E}.Debug|Any CPU.ActiveCfg = Debug|Any CPU
		{AE905BA2-E3C4-4CC3-9D5A-D967BE8DD63E}.Debug|Any CPU.Build.0 = Debug|Any CPU
		{AE905BA2-E3C4-4CC3-9D5A-D967BE8DD63E}.Release|Any CPU.ActiveCfg = Release|Any CPU
		{AE905BA2-E3C4-4CC3-9D5A-D967BE8DD63E}.Release|Any CPU.Build.0 = Release|Any CPU
		{612FA6E5-E8A1-4A1A-83D3-ABAE2D96871F}.Debug|Any CPU.ActiveCfg = Debug|Any CPU
		{612FA6E5-E8A1-4A1A-83D3-ABAE2D96871F}.Debug|Any CPU.Build.0 = Debug|Any CPU
		{612FA6E5-E8A1-4A1A-83D3-ABAE2D96871F}.Release|Any CPU.ActiveCfg = Release|Any CPU
		{612FA6E5-E8A1-4A1A-83D3-ABAE2D96871F}.Release|Any CPU.Build.0 = Release|Any CPU
	EndGlobalSection
	GlobalSection(SolutionProperties) = preSolution
		HideSolutionNode = FALSE
	EndGlobalSection
	GlobalSection(ExtensibilityGlobals) = postSolution
		SolutionGuid = {EDFFBC82-3E8C-4EFD-BDDE-0A2F434E84E5}
	EndGlobalSection
EndGlobal
